
Microsoft Visual Studio Solution File, Format Version 12.00
# Visual Studio 15
VisualStudioVersion = 15.0.26403.7
MinimumVisualStudioVersion = 10.0.40219.1
Project("{FAE04EC0-301F-11D3-BF4B-00C04F79EFBC}") = "Oma.Android", "Oma\Oma.Android\Oma.Android.csproj", "{0C11EF8E-530E-4420-B9F7-FE654C0BEA94}"
EndProject
Project("{FAE04EC0-301F-11D3-BF4B-00C04F79EFBC}") = "Oma", "Oma\Oma\Oma.csproj", "{1DF8DAB7-3225-4E34-9025-E241A771B893}"
EndProject
Project("{FAE04EC0-301F-11D3-BF4B-00C04F79EFBC}") = "Oma.UWP", "Oma\Oma.UWP\Oma.UWP.csproj", "{20C3CAE5-9537-4C8D-9B2B-58B7ED0D87AC}"
EndProject
Project("{FAE04EC0-301F-11D3-BF4B-00C04F79EFBC}") = "Oma.iOS", "Oma\Oma.iOS\Oma.iOS.csproj", "{FF600EE7-439E-4EDE-9C6D-9F3BF7CC8EAF}"
EndProject
Global
	GlobalSection(SolutionConfigurationPlatforms) = preSolution
		Ad-Hoc|Any CPU = Ad-Hoc|Any CPU
		Ad-Hoc|ARM = Ad-Hoc|ARM
		Ad-Hoc|iPhone = Ad-Hoc|iPhone
		Ad-Hoc|iPhoneSimulator = Ad-Hoc|iPhoneSimulator
		Ad-Hoc|x64 = Ad-Hoc|x64
		Ad-Hoc|x86 = Ad-Hoc|x86
		AppStore|Any CPU = AppStore|Any CPU
		AppStore|ARM = AppStore|ARM
		AppStore|iPhone = AppStore|iPhone
		AppStore|iPhoneSimulator = AppStore|iPhoneSimulator
		AppStore|x64 = AppStore|x64
		AppStore|x86 = AppStore|x86
		Debug|Any CPU = Debug|Any CPU
		Debug|ARM = Debug|ARM
		Debug|iPhone = Debug|iPhone
		Debug|iPhoneSimulator = Debug|iPhoneSimulator
		Debug|x64 = Debug|x64
		Debug|x86 = Debug|x86
		Release|Any CPU = Release|Any CPU
		Release|ARM = Release|ARM
		Release|iPhone = Release|iPhone
		Release|iPhoneSimulator = Release|iPhoneSimulator
		Release|x64 = Release|x64
		Release|x86 = Release|x86
	EndGlobalSection
	GlobalSection(ProjectConfigurationPlatforms) = postSolution
		{0C11EF8E-530E-4420-B9F7-FE654C0BEA94}.Ad-Hoc|Any CPU.ActiveCfg = Release|Any CPU
		{0C11EF8E-530E-4420-B9F7-FE654C0BEA94}.Ad-Hoc|Any CPU.Build.0 = Release|Any CPU
		{0C11EF8E-530E-4420-B9F7-FE654C0BEA94}.Ad-Hoc|Any CPU.Deploy.0 = Release|Any CPU
		{0C11EF8E-530E-4420-B9F7-FE654C0BEA94}.Ad-Hoc|ARM.ActiveCfg = Release|Any CPU
		{0C11EF8E-530E-4420-B9F7-FE654C0BEA94}.Ad-Hoc|ARM.Build.0 = Release|Any CPU
		{0C11EF8E-530E-4420-B9F7-FE654C0BEA94}.Ad-Hoc|ARM.Deploy.0 = Release|Any CPU
		{0C11EF8E-530E-4420-B9F7-FE654C0BEA94}.Ad-Hoc|iPhone.ActiveCfg = Release|Any CPU
		{0C11EF8E-530E-4420-B9F7-FE654C0BEA94}.Ad-Hoc|iPhone.Build.0 = Release|Any CPU
		{0C11EF8E-530E-4420-B9F7-FE654C0BEA94}.Ad-Hoc|iPhone.Deploy.0 = Release|Any CPU
		{0C11EF8E-530E-4420-B9F7-FE654C0BEA94}.Ad-Hoc|iPhoneSimulator.ActiveCfg = Release|Any CPU
		{0C11EF8E-530E-4420-B9F7-FE654C0BEA94}.Ad-Hoc|iPhoneSimulator.Build.0 = Release|Any CPU
		{0C11EF8E-530E-4420-B9F7-FE654C0BEA94}.Ad-Hoc|iPhoneSimulator.Deploy.0 = Release|Any CPU
		{0C11EF8E-530E-4420-B9F7-FE654C0BEA94}.Ad-Hoc|x64.ActiveCfg = Release|Any CPU
		{0C11EF8E-530E-4420-B9F7-FE654C0BEA94}.Ad-Hoc|x64.Build.0 = Release|Any CPU
		{0C11EF8E-530E-4420-B9F7-FE654C0BEA94}.Ad-Hoc|x64.Deploy.0 = Release|Any CPU
		{0C11EF8E-530E-4420-B9F7-FE654C0BEA94}.Ad-Hoc|x86.ActiveCfg = Release|Any CPU
		{0C11EF8E-530E-4420-B9F7-FE654C0BEA94}.Ad-Hoc|x86.Build.0 = Release|Any CPU
		{0C11EF8E-530E-4420-B9F7-FE654C0BEA94}.Ad-Hoc|x86.Deploy.0 = Release|Any CPU
		{0C11EF8E-530E-4420-B9F7-FE654C0BEA94}.AppStore|Any CPU.ActiveCfg = Release|Any CPU
		{0C11EF8E-530E-4420-B9F7-FE654C0BEA94}.AppStore|Any CPU.Build.0 = Release|Any CPU
		{0C11EF8E-530E-4420-B9F7-FE654C0BEA94}.AppStore|Any CPU.Deploy.0 = Release|Any CPU
		{0C11EF8E-530E-4420-B9F7-FE654C0BEA94}.AppStore|ARM.ActiveCfg = Release|Any CPU
		{0C11EF8E-530E-4420-B9F7-FE654C0BEA94}.AppStore|ARM.Build.0 = Release|Any CPU
		{0C11EF8E-530E-4420-B9F7-FE654C0BEA94}.AppStore|ARM.Deploy.0 = Release|Any CPU
		{0C11EF8E-530E-4420-B9F7-FE654C0BEA94}.AppStore|iPhone.ActiveCfg = Release|Any CPU
		{0C11EF8E-530E-4420-B9F7-FE654C0BEA94}.AppStore|iPhone.Build.0 = Release|Any CPU
		{0C11EF8E-530E-4420-B9F7-FE654C0BEA94}.AppStore|iPhone.Deploy.0 = Release|Any CPU
		{0C11EF8E-530E-4420-B9F7-FE654C0BEA94}.AppStore|iPhoneSimulator.ActiveCfg = Release|Any CPU
		{0C11EF8E-530E-4420-B9F7-FE654C0BEA94}.AppStore|iPhoneSimulator.Build.0 = Release|Any CPU
		{0C11EF8E-530E-4420-B9F7-FE654C0BEA94}.AppStore|iPhoneSimulator.Deploy.0 = Release|Any CPU
		{0C11EF8E-530E-4420-B9F7-FE654C0BEA94}.AppStore|x64.ActiveCfg = Release|Any CPU
		{0C11EF8E-530E-4420-B9F7-FE654C0BEA94}.AppStore|x64.Build.0 = Release|Any CPU
		{0C11EF8E-530E-4420-B9F7-FE654C0BEA94}.AppStore|x64.Deploy.0 = Release|Any CPU
		{0C11EF8E-530E-4420-B9F7-FE654C0BEA94}.AppStore|x86.ActiveCfg = Release|Any CPU
		{0C11EF8E-530E-4420-B9F7-FE654C0BEA94}.AppStore|x86.Build.0 = Release|Any CPU
		{0C11EF8E-530E-4420-B9F7-FE654C0BEA94}.AppStore|x86.Deploy.0 = Release|Any CPU
		{0C11EF8E-530E-4420-B9F7-FE654C0BEA94}.Debug|Any CPU.ActiveCfg = Debug|Any CPU
		{0C11EF8E-530E-4420-B9F7-FE654C0BEA94}.Debug|Any CPU.Build.0 = Debug|Any CPU
		{0C11EF8E-530E-4420-B9F7-FE654C0BEA94}.Debug|Any CPU.Deploy.0 = Debug|Any CPU
		{0C11EF8E-530E-4420-B9F7-FE654C0BEA94}.Debug|ARM.ActiveCfg = Debug|Any CPU
		{0C11EF8E-530E-4420-B9F7-FE654C0BEA94}.Debug|ARM.Build.0 = Debug|Any CPU
		{0C11EF8E-530E-4420-B9F7-FE654C0BEA94}.Debug|ARM.Deploy.0 = Debug|Any CPU
		{0C11EF8E-530E-4420-B9F7-FE654C0BEA94}.Debug|iPhone.ActiveCfg = Debug|Any CPU
		{0C11EF8E-530E-4420-B9F7-FE654C0BEA94}.Debug|iPhone.Build.0 = Debug|Any CPU
		{0C11EF8E-530E-4420-B9F7-FE654C0BEA94}.Debug|iPhone.Deploy.0 = Debug|Any CPU
		{0C11EF8E-530E-4420-B9F7-FE654C0BEA94}.Debug|iPhoneSimulator.ActiveCfg = Debug|Any CPU
		{0C11EF8E-530E-4420-B9F7-FE654C0BEA94}.Debug|iPhoneSimulator.Build.0 = Debug|Any CPU
		{0C11EF8E-530E-4420-B9F7-FE654C0BEA94}.Debug|iPhoneSimulator.Deploy.0 = Debug|Any CPU
		{0C11EF8E-530E-4420-B9F7-FE654C0BEA94}.Debug|x64.ActiveCfg = Debug|Any CPU
		{0C11EF8E-530E-4420-B9F7-FE654C0BEA94}.Debug|x64.Build.0 = Debug|Any CPU
		{0C11EF8E-530E-4420-B9F7-FE654C0BEA94}.Debug|x64.Deploy.0 = Debug|Any CPU
		{0C11EF8E-530E-4420-B9F7-FE654C0BEA94}.Debug|x86.ActiveCfg = Debug|Any CPU
		{0C11EF8E-530E-4420-B9F7-FE654C0BEA94}.Debug|x86.Build.0 = Debug|Any CPU
		{0C11EF8E-530E-4420-B9F7-FE654C0BEA94}.Debug|x86.Deploy.0 = Debug|Any CPU
		{0C11EF8E-530E-4420-B9F7-FE654C0BEA94}.Release|Any CPU.ActiveCfg = Release|Any CPU
		{0C11EF8E-530E-4420-B9F7-FE654C0BEA94}.Release|Any CPU.Build.0 = Release|Any CPU
		{0C11EF8E-530E-4420-B9F7-FE654C0BEA94}.Release|Any CPU.Deploy.0 = Release|Any CPU
		{0C11EF8E-530E-4420-B9F7-FE654C0BEA94}.Release|ARM.ActiveCfg = Release|Any CPU
		{0C11EF8E-530E-4420-B9F7-FE654C0BEA94}.Release|ARM.Build.0 = Release|Any CPU
		{0C11EF8E-530E-4420-B9F7-FE654C0BEA94}.Release|ARM.Deploy.0 = Release|Any CPU
		{0C11EF8E-530E-4420-B9F7-FE654C0BEA94}.Release|iPhone.ActiveCfg = Release|Any CPU
		{0C11EF8E-530E-4420-B9F7-FE654C0BEA94}.Release|iPhone.Build.0 = Release|Any CPU
		{0C11EF8E-530E-4420-B9F7-FE654C0BEA94}.Release|iPhone.Deploy.0 = Release|Any CPU
		{0C11EF8E-530E-4420-B9F7-FE654C0BEA94}.Release|iPhoneSimulator.ActiveCfg = Release|Any CPU
		{0C11EF8E-530E-4420-B9F7-FE654C0BEA94}.Release|iPhoneSimulator.Build.0 = Release|Any CPU
		{0C11EF8E-530E-4420-B9F7-FE654C0BEA94}.Release|iPhoneSimulator.Deploy.0 = Release|Any CPU
		{0C11EF8E-530E-4420-B9F7-FE654C0BEA94}.Release|x64.ActiveCfg = Release|Any CPU
		{0C11EF8E-530E-4420-B9F7-FE654C0BEA94}.Release|x64.Build.0 = Release|Any CPU
		{0C11EF8E-530E-4420-B9F7-FE654C0BEA94}.Release|x64.Deploy.0 = Release|Any CPU
		{0C11EF8E-530E-4420-B9F7-FE654C0BEA94}.Release|x86.ActiveCfg = Release|Any CPU
		{0C11EF8E-530E-4420-B9F7-FE654C0BEA94}.Release|x86.Build.0 = Release|Any CPU
		{0C11EF8E-530E-4420-B9F7-FE654C0BEA94}.Release|x86.Deploy.0 = Release|Any CPU
		{1DF8DAB7-3225-4E34-9025-E241A771B893}.Ad-Hoc|Any CPU.ActiveCfg = Release|Any CPU
		{1DF8DAB7-3225-4E34-9025-E241A771B893}.Ad-Hoc|Any CPU.Build.0 = Release|Any CPU
		{1DF8DAB7-3225-4E34-9025-E241A771B893}.Ad-Hoc|ARM.ActiveCfg = Release|Any CPU
		{1DF8DAB7-3225-4E34-9025-E241A771B893}.Ad-Hoc|ARM.Build.0 = Release|Any CPU
		{1DF8DAB7-3225-4E34-9025-E241A771B893}.Ad-Hoc|iPhone.ActiveCfg = Release|Any CPU
		{1DF8DAB7-3225-4E34-9025-E241A771B893}.Ad-Hoc|iPhone.Build.0 = Release|Any CPU
		{1DF8DAB7-3225-4E34-9025-E241A771B893}.Ad-Hoc|iPhoneSimulator.ActiveCfg = Release|Any CPU
		{1DF8DAB7-3225-4E34-9025-E241A771B893}.Ad-Hoc|iPhoneSimulator.Build.0 = Release|Any CPU
		{1DF8DAB7-3225-4E34-9025-E241A771B893}.Ad-Hoc|x64.ActiveCfg = Release|Any CPU
		{1DF8DAB7-3225-4E34-9025-E241A771B893}.Ad-Hoc|x64.Build.0 = Release|Any CPU
		{1DF8DAB7-3225-4E34-9025-E241A771B893}.Ad-Hoc|x86.ActiveCfg = Release|Any CPU
		{1DF8DAB7-3225-4E34-9025-E241A771B893}.Ad-Hoc|x86.Build.0 = Release|Any CPU
		{1DF8DAB7-3225-4E34-9025-E241A771B893}.AppStore|Any CPU.ActiveCfg = Release|Any CPU
		{1DF8DAB7-3225-4E34-9025-E241A771B893}.AppStore|Any CPU.Build.0 = Release|Any CPU
		{1DF8DAB7-3225-4E34-9025-E241A771B893}.AppStore|ARM.ActiveCfg = Release|Any CPU
		{1DF8DAB7-3225-4E34-9025-E241A771B893}.AppStore|ARM.Build.0 = Release|Any CPU
		{1DF8DAB7-3225-4E34-9025-E241A771B893}.AppStore|iPhone.ActiveCfg = Release|Any CPU
		{1DF8DAB7-3225-4E34-9025-E241A771B893}.AppStore|iPhone.Build.0 = Release|Any CPU
		{1DF8DAB7-3225-4E34-9025-E241A771B893}.AppStore|iPhoneSimulator.ActiveCfg = Release|Any CPU
		{1DF8DAB7-3225-4E34-9025-E241A771B893}.AppStore|iPhoneSimulator.Build.0 = Release|Any CPU
		{1DF8DAB7-3225-4E34-9025-E241A771B893}.AppStore|x64.ActiveCfg = Release|Any CPU
		{1DF8DAB7-3225-4E34-9025-E241A771B893}.AppStore|x64.Build.0 = Release|Any CPU
		{1DF8DAB7-3225-4E34-9025-E241A771B893}.AppStore|x86.ActiveCfg = Release|Any CPU
		{1DF8DAB7-3225-4E34-9025-E241A771B893}.AppStore|x86.Build.0 = Release|Any CPU
		{1DF8DAB7-3225-4E34-9025-E241A771B893}.Debug|Any CPU.ActiveCfg = Debug|Any CPU
		{1DF8DAB7-3225-4E34-9025-E241A771B893}.Debug|Any CPU.Build.0 = Debug|Any CPU
		{1DF8DAB7-3225-4E34-9025-E241A771B893}.Debug|ARM.ActiveCfg = Debug|Any CPU
		{1DF8DAB7-3225-4E34-9025-E241A771B893}.Debug|ARM.Build.0 = Debug|Any CPU
		{1DF8DAB7-3225-4E34-9025-E241A771B893}.Debug|iPhone.ActiveCfg = Debug|Any CPU
		{1DF8DAB7-3225-4E34-9025-E241A771B893}.Debug|iPhone.Build.0 = Debug|Any CPU
		{1DF8DAB7-3225-4E34-9025-E241A771B893}.Debug|iPhoneSimulator.ActiveCfg = Debug|Any CPU
		{1DF8DAB7-3225-4E34-9025-E241A771B893}.Debug|iPhoneSimulator.Build.0 = Debug|Any CPU
		{1DF8DAB7-3225-4E34-9025-E241A771B893}.Debug|x64.ActiveCfg = Debug|Any CPU
		{1DF8DAB7-3225-4E34-9025-E241A771B893}.Debug|x64.Build.0 = Debug|Any CPU
		{1DF8DAB7-3225-4E34-9025-E241A771B893}.Debug|x86.ActiveCfg = Debug|Any CPU
		{1DF8DAB7-3225-4E34-9025-E241A771B893}.Debug|x86.Build.0 = Debug|Any CPU
		{1DF8DAB7-3225-4E34-9025-E241A771B893}.Release|Any CPU.ActiveCfg = Release|Any CPU
		{1DF8DAB7-3225-4E34-9025-E241A771B893}.Release|Any CPU.Build.0 = Release|Any CPU
		{1DF8DAB7-3225-4E34-9025-E241A771B893}.Release|ARM.ActiveCfg = Release|Any CPU
		{1DF8DAB7-3225-4E34-9025-E241A771B893}.Release|ARM.Build.0 = Release|Any CPU
		{1DF8DAB7-3225-4E34-9025-E241A771B893}.Release|iPhone.ActiveCfg = Release|Any CPU
		{1DF8DAB7-3225-4E34-9025-E241A771B893}.Release|iPhone.Build.0 = Release|Any CPU
		{1DF8DAB7-3225-4E34-9025-E241A771B893}.Release|iPhoneSimulator.ActiveCfg = Release|Any CPU
		{1DF8DAB7-3225-4E34-9025-E241A771B893}.Release|iPhoneSimulator.Build.0 = Release|Any CPU
		{1DF8DAB7-3225-4E34-9025-E241A771B893}.Release|x64.ActiveCfg = Release|Any CPU
		{1DF8DAB7-3225-4E34-9025-E241A771B893}.Release|x64.Build.0 = Release|Any CPU
		{1DF8DAB7-3225-4E34-9025-E241A771B893}.Release|x86.ActiveCfg = Release|Any CPU
		{1DF8DAB7-3225-4E34-9025-E241A771B893}.Release|x86.Build.0 = Release|Any CPU
		{20C3CAE5-9537-4C8D-9B2B-58B7ED0D87AC}.Ad-Hoc|Any CPU.ActiveCfg = Release|x86
		{20C3CAE5-9537-4C8D-9B2B-58B7ED0D87AC}.Ad-Hoc|Any CPU.Build.0 = Release|x86
		{20C3CAE5-9537-4C8D-9B2B-58B7ED0D87AC}.Ad-Hoc|Any CPU.Deploy.0 = Release|x86
		{20C3CAE5-9537-4C8D-9B2B-58B7ED0D87AC}.Ad-Hoc|ARM.ActiveCfg = Release|ARM
		{20C3CAE5-9537-4C8D-9B2B-58B7ED0D87AC}.Ad-Hoc|ARM.Build.0 = Release|ARM
		{20C3CAE5-9537-4C8D-9B2B-58B7ED0D87AC}.Ad-Hoc|ARM.Deploy.0 = Release|ARM
		{20C3CAE5-9537-4C8D-9B2B-58B7ED0D87AC}.Ad-Hoc|iPhone.ActiveCfg = Release|x86
		{20C3CAE5-9537-4C8D-9B2B-58B7ED0D87AC}.Ad-Hoc|iPhone.Build.0 = Release|x86
		{20C3CAE5-9537-4C8D-9B2B-58B7ED0D87AC}.Ad-Hoc|iPhone.Deploy.0 = Release|x86
		{20C3CAE5-9537-4C8D-9B2B-58B7ED0D87AC}.Ad-Hoc|iPhoneSimulator.ActiveCfg = Release|x86
		{20C3CAE5-9537-4C8D-9B2B-58B7ED0D87AC}.Ad-Hoc|iPhoneSimulator.Build.0 = Release|x86
		{20C3CAE5-9537-4C8D-9B2B-58B7ED0D87AC}.Ad-Hoc|iPhoneSimulator.Deploy.0 = Release|x86
		{20C3CAE5-9537-4C8D-9B2B-58B7ED0D87AC}.Ad-Hoc|x64.ActiveCfg = Release|x64
		{20C3CAE5-9537-4C8D-9B2B-58B7ED0D87AC}.Ad-Hoc|x64.Build.0 = Release|x64
		{20C3CAE5-9537-4C8D-9B2B-58B7ED0D87AC}.Ad-Hoc|x64.Deploy.0 = Release|x64
		{20C3CAE5-9537-4C8D-9B2B-58B7ED0D87AC}.Ad-Hoc|x86.ActiveCfg = Release|x86
		{20C3CAE5-9537-4C8D-9B2B-58B7ED0D87AC}.Ad-Hoc|x86.Build.0 = Release|x86
		{20C3CAE5-9537-4C8D-9B2B-58B7ED0D87AC}.Ad-Hoc|x86.Deploy.0 = Release|x86
		{20C3CAE5-9537-4C8D-9B2B-58B7ED0D87AC}.AppStore|Any CPU.ActiveCfg = Release|x86
		{20C3CAE5-9537-4C8D-9B2B-58B7ED0D87AC}.AppStore|Any CPU.Build.0 = Release|x86
		{20C3CAE5-9537-4C8D-9B2B-58B7ED0D87AC}.AppStore|Any CPU.Deploy.0 = Release|x86
		{20C3CAE5-9537-4C8D-9B2B-58B7ED0D87AC}.AppStore|ARM.ActiveCfg = Release|ARM
		{20C3CAE5-9537-4C8D-9B2B-58B7ED0D87AC}.AppStore|ARM.Build.0 = Release|ARM
		{20C3CAE5-9537-4C8D-9B2B-58B7ED0D87AC}.AppStore|ARM.Deploy.0 = Release|ARM
		{20C3CAE5-9537-4C8D-9B2B-58B7ED0D87AC}.AppStore|iPhone.ActiveCfg = Release|x86
		{20C3CAE5-9537-4C8D-9B2B-58B7ED0D87AC}.AppStore|iPhone.Build.0 = Release|x86
		{20C3CAE5-9537-4C8D-9B2B-58B7ED0D87AC}.AppStore|iPhone.Deploy.0 = Release|x86
		{20C3CAE5-9537-4C8D-9B2B-58B7ED0D87AC}.AppStore|iPhoneSimulator.ActiveCfg = Release|x86
		{20C3CAE5-9537-4C8D-9B2B-58B7ED0D87AC}.AppStore|iPhoneSimulator.Build.0 = Release|x86
		{20C3CAE5-9537-4C8D-9B2B-58B7ED0D87AC}.AppStore|iPhoneSimulator.Deploy.0 = Release|x86
		{20C3CAE5-9537-4C8D-9B2B-58B7ED0D87AC}.AppStore|x64.ActiveCfg = Release|x64
		{20C3CAE5-9537-4C8D-9B2B-58B7ED0D87AC}.AppStore|x64.Build.0 = Release|x64
		{20C3CAE5-9537-4C8D-9B2B-58B7ED0D87AC}.AppStore|x64.Deploy.0 = Release|x64
		{20C3CAE5-9537-4C8D-9B2B-58B7ED0D87AC}.AppStore|x86.ActiveCfg = Release|x86
		{20C3CAE5-9537-4C8D-9B2B-58B7ED0D87AC}.AppStore|x86.Build.0 = Release|x86
		{20C3CAE5-9537-4C8D-9B2B-58B7ED0D87AC}.AppStore|x86.Deploy.0 = Release|x86
		{20C3CAE5-9537-4C8D-9B2B-58B7ED0D87AC}.Debug|Any CPU.ActiveCfg = Debug|x86
		{20C3CAE5-9537-4C8D-9B2B-58B7ED0D87AC}.Debug|ARM.ActiveCfg = Debug|ARM
		{20C3CAE5-9537-4C8D-9B2B-58B7ED0D87AC}.Debug|ARM.Build.0 = Debug|ARM
		{20C3CAE5-9537-4C8D-9B2B-58B7ED0D87AC}.Debug|ARM.Deploy.0 = Debug|ARM
		{20C3CAE5-9537-4C8D-9B2B-58B7ED0D87AC}.Debug|iPhone.ActiveCfg = Debug|x86
		{20C3CAE5-9537-4C8D-9B2B-58B7ED0D87AC}.Debug|iPhoneSimulator.ActiveCfg = Debug|x86
		{20C3CAE5-9537-4C8D-9B2B-58B7ED0D87AC}.Debug|x64.ActiveCfg = Debug|x64
		{20C3CAE5-9537-4C8D-9B2B-58B7ED0D87AC}.Debug|x64.Build.0 = Debug|x64
		{20C3CAE5-9537-4C8D-9B2B-58B7ED0D87AC}.Debug|x64.Deploy.0 = Debug|x64
		{20C3CAE5-9537-4C8D-9B2B-58B7ED0D87AC}.Debug|x86.ActiveCfg = Debug|x86
		{20C3CAE5-9537-4C8D-9B2B-58B7ED0D87AC}.Debug|x86.Build.0 = Debug|x86
		{20C3CAE5-9537-4C8D-9B2B-58B7ED0D87AC}.Debug|x86.Deploy.0 = Debug|x86
		{20C3CAE5-9537-4C8D-9B2B-58B7ED0D87AC}.Release|Any CPU.ActiveCfg = Release|x86
		{20C3CAE5-9537-4C8D-9B2B-58B7ED0D87AC}.Release|ARM.ActiveCfg = Release|ARM
		{20C3CAE5-9537-4C8D-9B2B-58B7ED0D87AC}.Release|ARM.Build.0 = Release|ARM
		{20C3CAE5-9537-4C8D-9B2B-58B7ED0D87AC}.Release|ARM.Deploy.0 = Release|ARM
		{20C3CAE5-9537-4C8D-9B2B-58B7ED0D87AC}.Release|iPhone.ActiveCfg = Release|x86
		{20C3CAE5-9537-4C8D-9B2B-58B7ED0D87AC}.Release|iPhoneSimulator.ActiveCfg = Release|x86
		{20C3CAE5-9537-4C8D-9B2B-58B7ED0D87AC}.Release|x64.ActiveCfg = Release|x64
		{20C3CAE5-9537-4C8D-9B2B-58B7ED0D87AC}.Release|x64.Build.0 = Release|x64
		{20C3CAE5-9537-4C8D-9B2B-58B7ED0D87AC}.Release|x64.Deploy.0 = Release|x64
		{20C3CAE5-9537-4C8D-9B2B-58B7ED0D87AC}.Release|x86.ActiveCfg = Release|x86
		{20C3CAE5-9537-4C8D-9B2B-58B7ED0D87AC}.Release|x86.Build.0 = Release|x86
		{20C3CAE5-9537-4C8D-9B2B-58B7ED0D87AC}.Release|x86.Deploy.0 = Release|x86
		{FF600EE7-439E-4EDE-9C6D-9F3BF7CC8EAF}.Ad-Hoc|Any CPU.ActiveCfg = Ad-Hoc|iPhone
		{FF600EE7-439E-4EDE-9C6D-9F3BF7CC8EAF}.Ad-Hoc|ARM.ActiveCfg = Ad-Hoc|iPhone
		{FF600EE7-439E-4EDE-9C6D-9F3BF7CC8EAF}.Ad-Hoc|iPhone.ActiveCfg = Ad-Hoc|iPhone
		{FF600EE7-439E-4EDE-9C6D-9F3BF7CC8EAF}.Ad-Hoc|iPhone.Build.0 = Ad-Hoc|iPhone
		{FF600EE7-439E-4EDE-9C6D-9F3BF7CC8EAF}.Ad-Hoc|iPhoneSimulator.ActiveCfg = Ad-Hoc|iPhoneSimulator
		{FF600EE7-439E-4EDE-9C6D-9F3BF7CC8EAF}.Ad-Hoc|iPhoneSimulator.Build.0 = Ad-Hoc|iPhoneSimulator
		{FF600EE7-439E-4EDE-9C6D-9F3BF7CC8EAF}.Ad-Hoc|x64.ActiveCfg = Ad-Hoc|iPhone
		{FF600EE7-439E-4EDE-9C6D-9F3BF7CC8EAF}.Ad-Hoc|x86.ActiveCfg = Ad-Hoc|iPhone
		{FF600EE7-439E-4EDE-9C6D-9F3BF7CC8EAF}.AppStore|Any CPU.ActiveCfg = AppStore|iPhone
		{FF600EE7-439E-4EDE-9C6D-9F3BF7CC8EAF}.AppStore|ARM.ActiveCfg = AppStore|iPhone
		{FF600EE7-439E-4EDE-9C6D-9F3BF7CC8EAF}.AppStore|iPhone.ActiveCfg = AppStore|iPhone
		{FF600EE7-439E-4EDE-9C6D-9F3BF7CC8EAF}.AppStore|iPhone.Build.0 = AppStore|iPhone
		{FF600EE7-439E-4EDE-9C6D-9F3BF7CC8EAF}.AppStore|iPhoneSimulator.ActiveCfg = AppStore|iPhoneSimulator
		{FF600EE7-439E-4EDE-9C6D-9F3BF7CC8EAF}.AppStore|iPhoneSimulator.Build.0 = AppStore|iPhoneSimulator
		{FF600EE7-439E-4EDE-9C6D-9F3BF7CC8EAF}.AppStore|x64.ActiveCfg = AppStore|iPhone
		{FF600EE7-439E-4EDE-9C6D-9F3BF7CC8EAF}.AppStore|x86.ActiveCfg = AppStore|iPhone
		{FF600EE7-439E-4EDE-9C6D-9F3BF7CC8EAF}.Debug|Any CPU.ActiveCfg = Debug|iPhone
		{FF600EE7-439E-4EDE-9C6D-9F3BF7CC8EAF}.Debug|ARM.ActiveCfg = Debug|iPhone
		{FF600EE7-439E-4EDE-9C6D-9F3BF7CC8EAF}.Debug|iPhone.ActiveCfg = Debug|iPhone
		{FF600EE7-439E-4EDE-9C6D-9F3BF7CC8EAF}.Debug|iPhone.Build.0 = Debug|iPhone
		{FF600EE7-439E-4EDE-9C6D-9F3BF7CC8EAF}.Debug|iPhoneSimulator.ActiveCfg = Debug|iPhoneSimulator
		{FF600EE7-439E-4EDE-9C6D-9F3BF7CC8EAF}.Debug|iPhoneSimulator.Build.0 = Debug|iPhoneSimulator
		{FF600EE7-439E-4EDE-9C6D-9F3BF7CC8EAF}.Debug|x64.ActiveCfg = Debug|iPhone
		{FF600EE7-439E-4EDE-9C6D-9F3BF7CC8EAF}.Debug|x86.ActiveCfg = Debug|iPhone
		{FF600EE7-439E-4EDE-9C6D-9F3BF7CC8EAF}.Release|Any CPU.ActiveCfg = Release|iPhone
		{FF600EE7-439E-4EDE-9C6D-9F3BF7CC8EAF}.Release|ARM.ActiveCfg = Release|iPhone
		{FF600EE7-439E-4EDE-9C6D-9F3BF7CC8EAF}.Release|iPhone.ActiveCfg = Release|iPhone
		{FF600EE7-439E-4EDE-9C6D-9F3BF7CC8EAF}.Release|iPhone.Build.0 = Release|iPhone
		{FF600EE7-439E-4EDE-9C6D-9F3BF7CC8EAF}.Release|iPhoneSimulator.ActiveCfg = Release|iPhoneSimulator
		{FF600EE7-439E-4EDE-9C6D-9F3BF7CC8EAF}.Release|iPhoneSimulator.Build.0 = Release|iPhoneSimulator
		{FF600EE7-439E-4EDE-9C6D-9F3BF7CC8EAF}.Release|x64.ActiveCfg = Release|iPhone
		{FF600EE7-439E-4EDE-9C6D-9F3BF7CC8EAF}.Release|x86.ActiveCfg = Release|iPhone
	EndGlobalSection
	GlobalSection(SolutionProperties) = preSolution
		HideSolutionNode = FALSE
	EndGlobalSection
EndGlobal
